{
  "name": "antigravity-annotator",
  "version": "1.0.0",
  "lockfileVersion": 3,
  "requires": true,
  "packages": {
    "": {
      "name": "antigravity-annotator",
      "version": "1.0.0",
      "devDependencies": {
        "@types/vscode": "^1.106.1"
      },
      "engines": {
        "vscode": "^1.80.0"
      }
    },
    "node_modules/@types/vscode": {
      "version": "1.106.1",
      "resolved": "https://registry.npmjs.org/@types/vscode/-/vscode-1.106.1.tgz",
      "integrity": "sha512-R/HV8u2h8CAddSbX8cjpdd7B8/GnE4UjgjpuGuHcbp1xV6yh4OeqU4L1pKjlwujCrSFS0MOpwJAIs/NexMB1fQ==",
      "dev": true,
      "license": "MIT"
    }
  }
}
